// !$*UTF8*$!
{
	archiveVersion = 1;
	classes = {
	};
	objectVersion = 50;
	objects = {

/* Begin PBXBuildFile section */
		701F1DE9D745716E3C9A5A36 /* Pods_E_Sign.framework in Frameworks */ = {isa = PBXBuildFile; fileRef = 3300AA26A7E098460E5D169D /* Pods_E_Sign.framework */; };
		8468F21620D8C665003DBD88 /* AppDelegate.swift in Sources */ = {isa = PBXBuildFile; fileRef = 8468F21520D8C665003DBD88 /* AppDelegate.swift */; };
		8468F21B20D8C665003DBD88 /* Main.storyboard in Resources */ = {isa = PBXBuildFile; fileRef = 8468F21920D8C665003DBD88 /* Main.storyboard */; };
		8468F21E20D8C665003DBD88 /* E_Sign.xcdatamodeld in Sources */ = {isa = PBXBuildFile; fileRef = 8468F21C20D8C665003DBD88 /* E_Sign.xcdatamodeld */; };
		8468F22020D8C668003DBD88 /* Assets.xcassets in Resources */ = {isa = PBXBuildFile; fileRef = 8468F21F20D8C668003DBD88 /* Assets.xcassets */; };
		8468F22320D8C668003DBD88 /* LaunchScreen.storyboard in Resources */ = {isa = PBXBuildFile; fileRef = 8468F22120D8C668003DBD88 /* LaunchScreen.storyboard */; };
		8468F22C20D8C699003DBD88 /* SignatureView.swift in Sources */ = {isa = PBXBuildFile; fileRef = 8468F22B20D8C699003DBD88 /* SignatureView.swift */; };
		8468F22F20D8C6D3003DBD88 /* SignatureViewController.swift in Sources */ = {isa = PBXBuildFile; fileRef = 8468F22E20D8C6D3003DBD88 /* SignatureViewController.swift */; };
		8468F23220D8C79E003DBD88 /* SignatureTableViewCell.swift in Sources */ = {isa = PBXBuildFile; fileRef = 8468F23120D8C79E003DBD88 /* SignatureTableViewCell.swift */; };
		8468F23420D8C944003DBD88 /* AddSignatureViewController.swift in Sources */ = {isa = PBXBuildFile; fileRef = 8468F23320D8C944003DBD88 /* AddSignatureViewController.swift */; };
		8468F23620D8DEC3003DBD88 /* PatternLockViewController.swift in Sources */ = {isa = PBXBuildFile; fileRef = 8468F23520D8DEC3003DBD88 /* PatternLockViewController.swift */; };
		8468F23C20D90E90003DBD88 /* CoreData.swift in Sources */ = {isa = PBXBuildFile; fileRef = 8468F23B20D90E90003DBD88 /* CoreData.swift */; };
		8468F23F20D90FC6003DBD88 /* SignRecord.swift in Sources */ = {isa = PBXBuildFile; fileRef = 8468F23E20D90FC6003DBD88 /* SignRecord.swift */; };
		84EA5BEA20D91E1F00BB331C /* ImageViewDesign.swift in Sources */ = {isa = PBXBuildFile; fileRef = 84EA5BE920D91E1F00BB331C /* ImageViewDesign.swift */; };
		84EA5BEC20D92AC400BB331C /* ViewSignatureViewController.swift in Sources */ = {isa = PBXBuildFile; fileRef = 84EA5BEB20D92AC400BB331C /* ViewSignatureViewController.swift */; };
/* End PBXBuildFile section */

/* Begin PBXFileReference section */
		3300AA26A7E098460E5D169D /* Pods_E_Sign.framework */ = {isa = PBXFileReference; explicitFileType = wrapper.framework; includeInIndex = 0; path = Pods_E_Sign.framework; sourceTree = BUILT_PRODUCTS_DIR; };
		8468F21220D8C665003DBD88 /* E-Sign.app */ = {isa = PBXFileReference; explicitFileType = wrapper.application; includeInIndex = 0; path = "E-Sign.app"; sourceTree = BUILT_PRODUCTS_DIR; };
		8468F21520D8C665003DBD88 /* AppDelegate.swift */ = {isa = PBXFileReference; lastKnownFileType = sourcecode.swift; path = AppDelegate.swift; sourceTree = "<group>"; };
		8468F21A20D8C665003DBD88 /* Base */ = {isa = PBXFileReference; lastKnownFileType = file.storyboard; name = Base; path = Base.lproj/Main.storyboard; sourceTree = "<group>"; };
		8468F21D20D8C665003DBD88 /* E_Sign.xcdatamodel */ = {isa = PBXFileReference; lastKnownFileType = wrapper.xcdatamodel; path = E_Sign.xcdatamodel; sourceTree = "<group>"; };
		8468F21F20D8C668003DBD88 /* Assets.xcassets */ = {isa = PBXFileReference; lastKnownFileType = folder.assetcatalog; path = Assets.xcassets; sourceTree = "<group>"; };
		8468F22220D8C668003DBD88 /* Base */ = {isa = PBXFileReference; lastKnownFileType = file.storyboard; name = Base; path = Base.lproj/LaunchScreen.storyboard; sourceTree = "<group>"; };
		8468F22420D8C668003DBD88 /* Info.plist */ = {isa = PBXFileReference; lastKnownFileType = text.plist.xml; path = Info.plist; sourceTree = "<group>"; };
		8468F22B20D8C699003DBD88 /* SignatureView.swift */ = {isa = PBXFileReference; lastKnownFileType = sourcecode.swift; path = SignatureView.swift; sourceTree = "<group>"; };
		8468F22E20D8C6D3003DBD88 /* SignatureViewController.swift */ = {isa = PBXFileReference; lastKnownFileType = sourcecode.swift; path = SignatureViewController.swift; sourceTree = "<group>"; };
		8468F23120D8C79E003DBD88 /* SignatureTableViewCell.swift */ = {isa = PBXFileReference; lastKnownFileType = sourcecode.swift; path = SignatureTableViewCell.swift; sourceTree = "<group>"; };
		8468F23320D8C944003DBD88 /* AddSignatureViewController.swift */ = {isa = PBXFileReference; lastKnownFileType = sourcecode.swift; path = AddSignatureViewController.swift; sourceTree = "<group>"; };
		8468F23520D8DEC3003DBD88 /* PatternLockViewController.swift */ = {isa = PBXFileReference; lastKnownFileType = sourcecode.swift; path = PatternLockViewController.swift; sourceTree = "<group>"; };
		8468F23720D8E006003DBD88 /* E-Sign-Bridging-Header.h */ = {isa = PBXFileReference; lastKnownFileType = sourcecode.c.h; path = "E-Sign-Bridging-Header.h"; sourceTree = "<group>"; };
		8468F23B20D90E90003DBD88 /* CoreData.swift */ = {isa = PBXFileReference; lastKnownFileType = sourcecode.swift; path = CoreData.swift; sourceTree = "<group>"; };
		8468F23E20D90FC6003DBD88 /* SignRecord.swift */ = {isa = PBXFileReference; lastKnownFileType = sourcecode.swift; path = SignRecord.swift; sourceTree = "<group>"; };
		84EA5BE920D91E1F00BB331C /* ImageViewDesign.swift */ = {isa = PBXFileReference; lastKnownFileType = sourcecode.swift; path = ImageViewDesign.swift; sourceTree = "<group>"; };
		84EA5BEB20D92AC400BB331C /* ViewSignatureViewController.swift */ = {isa = PBXFileReference; lastKnownFileType = sourcecode.swift; path = ViewSignatureViewController.swift; sourceTree = "<group>"; };
		9C5C5044792C90E3A3D6608E /* Pods-E-Sign.debug.xcconfig */ = {isa = PBXFileReference; includeInIndex = 1; lastKnownFileType = text.xcconfig; name = "Pods-E-Sign.debug.xcconfig"; path = "Pods/Target Support Files/Pods-E-Sign/Pods-E-Sign.debug.xcconfig"; sourceTree = "<group>"; };
		F4CC6C89BF36C8253FD41255 /* Pods-E-Sign.release.xcconfig */ = {isa = PBXFileReference; includeInIndex = 1; lastKnownFileType = text.xcconfig; name = "Pods-E-Sign.release.xcconfig"; path = "Pods/Target Support Files/Pods-E-Sign/Pods-E-Sign.release.xcconfig"; sourceTree = "<group>"; };
/* End PBXFileReference section */

/* Begin PBXFrameworksBuildPhase section */
		8468F20F20D8C665003DBD88 /* Frameworks */ = {
			isa = PBXFrameworksBuildPhase;
			buildActionMask = 2147483647;
			files = (
				701F1DE9D745716E3C9A5A36 /* Pods_E_Sign.framework in Frameworks */,
			);
			runOnlyForDeploymentPostprocessing = 0;
		};
/* End PBXFrameworksBuildPhase section */

/* Begin PBXGroup section */
		4566C9F647F3C73F17F3C18E /* Frameworks */ = {
			isa = PBXGroup;
			children = (
				3300AA26A7E098460E5D169D /* Pods_E_Sign.framework */,
			);
			name = Frameworks;
			sourceTree = "<group>";
		};
		8468F20920D8C665003DBD88 = {
			isa = PBXGroup;
			children = (
				8468F21420D8C665003DBD88 /* E-Sign */,
				8468F21320D8C665003DBD88 /* Products */,
				84784DE6D6E6C1861EAD0344 /* Pods */,
				4566C9F647F3C73F17F3C18E /* Frameworks */,
			);
			sourceTree = "<group>";
		};
		8468F21320D8C665003DBD88 /* Products */ = {
			isa = PBXGroup;
			children = (
				8468F21220D8C665003DBD88 /* E-Sign.app */,
			);
			name = Products;
			sourceTree = "<group>";
		};
		8468F21420D8C665003DBD88 /* E-Sign */ = {
			isa = PBXGroup;
			children = (
				8468F23D20D90FB0003DBD88 /* Modal */,
				8468F23A20D90E70003DBD88 /* Database */,
				8468F22D20D8C6B1003DBD88 /* Controller */,
				8468F22A20D8C683003DBD88 /* View */,
				8468F21520D8C665003DBD88 /* AppDelegate.swift */,
				8468F21920D8C665003DBD88 /* Main.storyboard */,
				8468F21F20D8C668003DBD88 /* Assets.xcassets */,
				8468F22120D8C668003DBD88 /* LaunchScreen.storyboard */,
				8468F22420D8C668003DBD88 /* Info.plist */,
				8468F21C20D8C665003DBD88 /* E_Sign.xcdatamodeld */,
				8468F23720D8E006003DBD88 /* E-Sign-Bridging-Header.h */,
			);
			path = "E-Sign";
			sourceTree = "<group>";
		};
		8468F22A20D8C683003DBD88 /* View */ = {
			isa = PBXGroup;
			children = (
				8468F22B20D8C699003DBD88 /* SignatureView.swift */,
				84EA5BE920D91E1F00BB331C /* ImageViewDesign.swift */,
			);
			path = View;
			sourceTree = "<group>";
		};
		8468F22D20D8C6B1003DBD88 /* Controller */ = {
			isa = PBXGroup;
			children = (
				8468F23020D8C787003DBD88 /* CustomCell */,
				8468F22E20D8C6D3003DBD88 /* SignatureViewController.swift */,
				8468F23320D8C944003DBD88 /* AddSignatureViewController.swift */,
				8468F23520D8DEC3003DBD88 /* PatternLockViewController.swift */,
				84EA5BEB20D92AC400BB331C /* ViewSignatureViewController.swift */,
			);
			path = Controller;
			sourceTree = "<group>";
		};
		8468F23020D8C787003DBD88 /* CustomCell */ = {
			isa = PBXGroup;
			children = (
				8468F23120D8C79E003DBD88 /* SignatureTableViewCell.swift */,
			);
			path = CustomCell;
			sourceTree = "<group>";
		};
		8468F23A20D90E70003DBD88 /* Database */ = {
			isa = PBXGroup;
			children = (
				8468F23B20D90E90003DBD88 /* CoreData.swift */,
			);
			path = Database;
			sourceTree = "<group>";
		};
		8468F23D20D90FB0003DBD88 /* Modal */ = {
			isa = PBXGroup;
			children = (
				8468F23E20D90FC6003DBD88 /* SignRecord.swift */,
			);
			path = Modal;
			sourceTree = "<group>";
		};
		84784DE6D6E6C1861EAD0344 /* Pods */ = {
			isa = PBXGroup;
			children = (
				9C5C5044792C90E3A3D6608E /* Pods-E-Sign.debug.xcconfig */,
				F4CC6C89BF36C8253FD41255 /* Pods-E-Sign.release.xcconfig */,
			);
			name = Pods;
			sourceTree = "<group>";
		};
/* End PBXGroup section */

/* Begin PBXNativeTarget section */
		8468F21120D8C665003DBD88 /* E-Sign */ = {
			isa = PBXNativeTarget;
			buildConfigurationList = 8468F22720D8C668003DBD88 /* Build configuration list for PBXNativeTarget "E-Sign" */;
			buildPhases = (
				1BCBC3E70E9994898867D9B7 /* [CP] Check Pods Manifest.lock */,
				8468F20E20D8C665003DBD88 /* Sources */,
				8468F20F20D8C665003DBD88 /* Frameworks */,
				8468F21020D8C665003DBD88 /* Resources */,
				E014B65483D682A93AE9D8B7 /* [CP] Embed Pods Frameworks */,
			);
			buildRules = (
			);
			dependencies = (
			);
			name = "E-Sign";
			productName = "E-Sign";
			productReference = 8468F21220D8C665003DBD88 /* E-Sign.app */;
			productType = "com.apple.product-type.application";
		};
/* End PBXNativeTarget section */

/* Begin PBXProject section */
		8468F20A20D8C665003DBD88 /* Project object */ = {
			isa = PBXProject;
			attributes = {
				LastSwiftUpdateCheck = 0940;
				LastUpgradeCheck = 0940;
				ORGANIZATIONNAME = fashionexpress;
				TargetAttributes = {
					8468F21120D8C665003DBD88 = {
						CreatedOnToolsVersion = 9.4.1;
						LastSwiftMigration = 0940;
					};
				};
			};
			buildConfigurationList = 8468F20D20D8C665003DBD88 /* Build configuration list for PBXProject "E-Sign" */;
			compatibilityVersion = "Xcode 9.3";
			developmentRegion = en;
			hasScannedForEncodings = 0;
			knownRegions = (
				en,
				Base,
			);
			mainGroup = 8468F20920D8C665003DBD88;
			productRefGroup = 8468F21320D8C665003DBD88 /* Products */;
			projectDirPath = "";
			projectRoot = "";
			targets = (
				8468F21120D8C665003DBD88 /* E-Sign */,
			);
		};
/* End PBXProject section */

/* Begin PBXResourcesBuildPhase section */
		8468F21020D8C665003DBD88 /* Resources */ = {
			isa = PBXResourcesBuildPhase;
			buildActionMask = 2147483647;
			files = (
				8468F22320D8C668003DBD88 /* LaunchScreen.storyboard in Resources */,
				8468F22020D8C668003DBD88 /* Assets.xcassets in Resources */,
				8468F21B20D8C665003DBD88 /* Main.storyboard in Resources */,
			);
			runOnlyForDeploymentPostprocessing = 0;
		};
/* End PBXResourcesBuildPhase section */

/* Begin PBXShellScriptBuildPhase section */
		1BCBC3E70E9994898867D9B7 /* [CP] Check Pods Manifest.lock */ = {
			isa = PBXShellScriptBuildPhase;
			buildActionMask = 2147483647;
			files = (
			);
			inputPaths = (
				"${PODS_PODFILE_DIR_PATH}/Podfile.lock",
				"${PODS_ROOT}/Manifest.lock",
			);
			name = "[CP] Check Pods Manifest.lock";
			outputPaths = (
				"$(DERIVED_FILE_DIR)/Pods-E-Sign-checkManifestLockResult.txt",
			);
			runOnlyForDeploymentPostprocessing = 0;
			shellPath = /bin/sh;
			shellScript = "diff \"${PODS_PODFILE_DIR_PATH}/Podfile.lock\" \"${PODS_ROOT}/Manifest.lock\" > /dev/null\nif [ $? != 0 ] ; then\n    # print error to STDERR\n    echo \"error: The sandbox is not in sync with the Podfile.lock. Run 'pod install' or update your CocoaPods installation.\" >&2\n    exit 1\nfi\n# This output is used by Xcode 'outputs' to avoid re-running this script phase.\necho \"SUCCESS\" > \"${SCRIPT_OUTPUT_FILE_0}\"\n";
			showEnvVarsInLog = 0;
		};
		E014B65483D682A93AE9D8B7 /* [CP] Embed Pods Frameworks */ = {
			isa = PBXShellScriptBuildPhase;
			buildActionMask = 2147483647;
			files = (
			);
			inputPaths = (
				"${SRCROOT}/Pods/Target Support Files/Pods-E-Sign/Pods-E-Sign-frameworks.sh",
				"${BUILT_PRODUCTS_DIR}/ChromaColorPicker/ChromaColorPicker.framework",
				"${BUILT_PRODUCTS_DIR}/OXPatternLock/OXPatternLock.framework",
			);
			name = "[CP] Embed Pods Frameworks";
			outputPaths = (
				"${TARGET_BUILD_DIR}/${FRAMEWORKS_FOLDER_PATH}/ChromaColorPicker.framework",
				"${TARGET_BUILD_DIR}/${FRAMEWORKS_FOLDER_PATH}/OXPatternLock.framework",
			);
			runOnlyForDeploymentPostprocessing = 0;
			shellPath = /bin/sh;
			shellScript = "\"${SRCROOT}/Pods/Target Support Files/Pods-E-Sign/Pods-E-Sign-frameworks.sh\"\n";
			showEnvVarsInLog = 0;
		};
/* End PBXShellScriptBuildPhase section */

/* Begin PBXSourcesBuildPhase section */
		8468F20E20D8C665003DBD88 /* Sources */ = {
			isa = PBXSourcesBuildPhase;
			buildActionMask = 2147483647;
			files = (
				8468F23420D8C944003DBD88 /* AddSignatureViewController.swift in Sources */,
				8468F21E20D8C665003DBD88 /* E_Sign.xcdatamodeld in Sources */,
				8468F22F20D8C6D3003DBD88 /* SignatureViewController.swift in Sources */,
				8468F21620D8C665003DBD88 /* AppDelegate.swift in Sources */,
				84EA5BEC20D92AC400BB331C /* ViewSignatureViewController.swift in Sources */,
				8468F23C20D90E90003DBD88 /* CoreData.swift in Sources */,
				8468F23F20D90FC6003DBD88 /* SignRecord.swift in Sources */,
				8468F23620D8DEC3003DBD88 /* PatternLockViewController.swift in Sources */,
				8468F22C20D8C699003DBD88 /* SignatureView.swift in Sources */,
				84EA5BEA20D91E1F00BB331C /* ImageViewDesign.swift in Sources */,
				8468F23220D8C79E003DBD88 /* SignatureTableViewCell.swift in Sources */,
			);
			runOnlyForDeploymentPostprocessing = 0;
		};
/* End PBXSourcesBuildPhase section */

/* Begin PBXVariantGroup section */
		8468F21920D8C665003DBD88 /* Main.storyboard */ = {
			isa = PBXVariantGroup;
			children = (
				8468F21A20D8C665003DBD88 /* Base */,
			);
			name = Main.storyboard;
			sourceTree = "<group>";
		};
		8468F22120D8C668003DBD88 /* LaunchScreen.storyboard */ = {
			isa = PBXVariantGroup;
			children = (
				8468F22220D8C668003DBD88 /* Base */,
			);
			name = LaunchScreen.storyboard;
			sourceTree = "<group>";
		};
/* End PBXVariantGroup section */

/* Begin XCBuildConfiguration section */
		8468F22520D8C668003DBD88 /* Debug */ = {
			isa = XCBuildConfiguration;
			buildSettings = {
				ALWAYS_SEARCH_USER_PATHS = NO;
				CLANG_ANALYZER_NONNULL = YES;
				CLANG_ANALYZER_NUMBER_OBJECT_CONVERSION = YES_AGGRESSIVE;
				CLANG_CXX_LANGUAGE_STANDARD = "gnu++14";
				CLANG_CXX_LIBRARY = "libc++";
				CLANG_ENABLE_MODULES = YES;
				CLANG_ENABLE_OBJC_ARC = YES;
				CLANG_ENABLE_OBJC_WEAK = YES;
				CLANG_WARN_BLOCK_CAPTURE_AUTORELEASING = YES;
				CLANG_WARN_BOOL_CONVERSION = YES;
				CLANG_WARN_COMMA = YES;
				CLANG_WARN_CONSTANT_CONVERSION = YES;
				CLANG_WARN_DEPRECATED_OBJC_IMPLEMENTATIONS = YES;
				CLANG_WARN_DIRECT_OBJC_ISA_USAGE = YES_ERROR;
				CLANG_WARN_DOCUMENTATION_COMMENTS = YES;
				CLANG_WARN_EMPTY_BODY = YES;
				CLANG_WARN_ENUM_CONVERSION = YES;
				CLANG_WARN_INFINITE_RECURSION = YES;
				CLANG_WARN_INT_CONVERSION = YES;
				CLANG_WARN_NON_LITERAL_NULL_CONVERSION = YES;
				CLANG_WARN_OBJC_IMPLICIT_RETAIN_SELF = YES;
				CLANG_WARN_OBJC_LITERAL_CONVERSION = YES;
				CLANG_WARN_OBJC_ROOT_CLASS = YES_ERROR;
				CLANG_WARN_RANGE_LOOP_ANALYSIS = YES;
				CLANG_WARN_STRICT_PROTOTYPES = YES;
				CLANG_WARN_SUSPICIOUS_MOVE = YES;
				CLANG_WARN_UNGUARDED_AVAILABILITY = YES_AGGRESSIVE;
				CLANG_WARN_UNREACHABLE_CODE = YES;
				CLANG_WARN__DUPLICATE_METHOD_MATCH = YES;
				CODE_SIGN_IDENTITY = "iPhone Developer";
				COPY_PHASE_STRIP = NO;
				DEBUG_INFORMATION_FORMAT = dwarf;
				ENABLE_STRICT_OBJC_MSGSEND = YES;
				ENABLE_TESTABILITY = YES;
				GCC_C_LANGUAGE_STANDARD = gnu11;
				GCC_DYNAMIC_NO_PIC = NO;
				GCC_NO_COMMON_BLOCKS = YES;
				GCC_OPTIMIZATION_LEVEL = 0;
				GCC_PREPROCESSOR_DEFINITIONS = (
					"DEBUG=1",
					"$(inherited)",
				);
				GCC_WARN_64_TO_32_BIT_CONVERSION = YES;
				GCC_WARN_ABOUT_RETURN_TYPE = YES_ERROR;
				GCC_WARN_UNDECLARED_SELECTOR = YES;
				GCC_WARN_UNINITIALIZED_AUTOS = YES_AGGRESSIVE;
				GCC_WARN_UNUSED_FUNCTION = YES;
				GCC_WARN_UNUSED_VARIABLE = YES;
				IPHONEOS_DEPLOYMENT_TARGET = 11.4;
				MTL_ENABLE_DEBUG_INFO = YES;
				ONLY_ACTIVE_ARCH = YES;
				SDKROOT = iphoneos;
				SWIFT_ACTIVE_COMPILATION_CONDITIONS = DEBUG;
				SWIFT_OPTIMIZATION_LEVEL = "-Onone";
			};
			name = Debug;
		};
		8468F22620D8C668003DBD88 /* Release */ = {
			isa = XCBuildConfiguration;
			buildSettings = {
				ALWAYS_SEARCH_USER_PATHS = NO;
				CLANG_ANALYZER_NONNULL = YES;
				CLANG_ANALYZER_NUMBER_OBJECT_CONVERSION = YES_AGGRESSIVE;
				CLANG_CXX_LANGUAGE_STANDARD = "gnu++14";
				CLANG_CXX_LIBRARY = "libc++";
				CLANG_ENABLE_MODULES = YES;
				CLANG_ENABLE_OBJC_ARC = YES;
				CLANG_ENABLE_OBJC_WEAK = YES;
				CLANG_WARN_BLOCK_CAPTURE_AUTORELEASING = YES;
				CLANG_WARN_BOOL_CONVERSION = YES;
				CLANG_WARN_COMMA = YES;
				CLANG_WARN_CONSTANT_CONVERSION = YES;
				CLANG_WARN_DEPRECATED_OBJC_IMPLEMENTATIONS = YES;
				CLANG_WARN_DIRECT_OBJC_ISA_USAGE = YES_ERROR;
				CLANG_WARN_DOCUMENTATION_COMMENTS = YES;
				CLANG_WARN_EMPTY_BODY = YES;
				CLANG_WARN_ENUM_CONVERSION = YES;
				CLANG_WARN_INFINITE_RECURSION = YES;
				CLANG_WARN_INT_CONVERSION = YES;
				CLANG_WARN_NON_LITERAL_NULL_CONVERSION = YES;
				CLANG_WARN_OBJC_IMPLICIT_RETAIN_SELF = YES;
				CLANG_WARN_OBJC_LITERAL_CONVERSION = YES;
				CLANG_WARN_OBJC_ROOT_CLASS = YES_ERROR;
				CLANG_WARN_RANGE_LOOP_ANALYSIS = YES;
				CLANG_WARN_STRICT_PROTOTYPES = YES;
				CLANG_WARN_SUSPICIOUS_MOVE = YES;
				CLANG_WARN_UNGUARDED_AVAILABILITY = YES_AGGRESSIVE;
				CLANG_WARN_UNREACHABLE_CODE = YES;
				CLANG_WARN__DUPLICATE_METHOD_MATCH = YES;
				CODE_SIGN_IDENTITY = "iPhone Developer";
				COPY_PHASE_STRIP = NO;
				DEBUG_INFORMATION_FORMAT = "dwarf-with-dsym";
				ENABLE_NS_ASSERTIONS = NO;
				ENABLE_STRICT_OBJC_MSGSEND = YES;
				GCC_C_LANGUAGE_STANDARD = gnu11;
				GCC_NO_COMMON_BLOCKS = YES;
				GCC_WARN_64_TO_32_BIT_CONVERSION = YES;
				GCC_WARN_ABOUT_RETURN_TYPE = YES_ERROR;
				GCC_WARN_UNDECLARED_SELECTOR = YES;
				GCC_WARN_UNINITIALIZED_AUTOS = YES_AGGRESSIVE;
				GCC_WARN_UNUSED_FUNCTION = YES;
				GCC_WARN_UNUSED_VARIABLE = YES;
				IPHONEOS_DEPLOYMENT_TARGET = 11.4;
				MTL_ENABLE_DEBUG_INFO = NO;
				SDKROOT = iphoneos;
				SWIFT_COMPILATION_MODE = wholemodule;
				SWIFT_OPTIMIZATION_LEVEL = "-O";
				VALIDATE_PRODUCT = YES;
			};
			name = Release;
		};
		8468F22820D8C668003DBD88 /* Debug */ = {
			isa = XCBuildConfiguration;
			baseConfigurationReference = 9C5C5044792C90E3A3D6608E /* Pods-E-Sign.debug.xcconfig */;
			buildSettings = {
				ASSETCATALOG_COMPILER_APPICON_NAME = AppIcon;
				CLANG_ENABLE_MODULES = YES;
				CODE_SIGN_STYLE = Automatic;
				DEVELOPMENT_TEAM = FD5T6PM798;
				INFOPLIST_FILE = "E-Sign/Info.plist";
				IPHONEOS_DEPLOYMENT_TARGET = 10.0;
				LD_RUNPATH_SEARCH_PATHS = (
					"$(inherited)",
					"@executable_path/Frameworks",
				);
				PRODUCT_BUNDLE_IDENTIFIER = "com.fashionexpress.E-Sign";
				PRODUCT_NAME = "$(TARGET_NAME)";
				SWIFT_OBJC_BRIDGING_HEADER = "E-Sign/E-Sign-Bridging-Header.h";
				SWIFT_OPTIMIZATION_LEVEL = "-Onone";
				SWIFT_VERSION = 4.0;
				TARGETED_DEVICE_FAMILY = "1,2";
			};
			name = Debug;
		};
		8468F22920D8C668003DBD88 /* Release */ = {
			isa = XCBuildConfiguration;
			baseConfigurationReference = F4CC6C89BF36C8253FD41255 /* Pods-E-Sign.release.xcconfig */;
			buildSettings = {
				ASSETCATALOG_COMPILER_APPICON_NAME = AppIcon;
				CLANG_ENABLE_MODULES = YES;
				CODE_SIGN_STYLE = Automatic;
				DEVELOPMENT_TEAM = FD5T6PM798;
				INFOPLIST_FILE = "E-Sign/Info.plist";
				IPHONEOS_DEPLOYMENT_TARGET = 10.0;
				LD_RUNPATH_SEARCH_PATHS = (
					"$(inherited)",
					"@executable_path/Frameworks",
				);
				PRODUCT_BUNDLE_IDENTIFIER = "com.fashionexpress.E-Sign";
				PRODUCT_NAME = "$(TARGET_NAME)";
				SWIFT_OBJC_BRIDGING_HEADER = "E-Sign/E-Sign-Bridging-Header.h";
				SWIFT_VERSION = 4.0;
				TARGETED_DEVICE_FAMILY = "1,2";
			};
			name = Release;
		};
/* End XCBuildConfiguration section */

/* Begin XCConfigurationList section */
		8468F20D20D8C665003DBD88 /* Build configuration list for PBXProject "E-Sign" */ = {
			isa = XCConfigurationList;
			buildConfigurations = (
				8468F22520D8C668003DBD88 /* Debug */,
				8468F22620D8C668003DBD88 /* Release */,
			);
			defaultConfigurationIsVisible = 0;
			defaultConfigurationName = Release;
		};
		8468F22720D8C668003DBD88 /* Build configuration list for PBXNativeTarget "E-Sign" */ = {
			isa = XCConfigurationList;
			buildConfigurations = (
				8468F22820D8C668003DBD88 /* Debug */,
				8468F22920D8C668003DBD88 /* Release */,
			);
			defaultConfigurationIsVisible = 0;
			defaultConfigurationName = Release;
		};
/* End XCConfigurationList section */

/* Begin XCVersionGroup section */
		8468F21C20D8C665003DBD88 /* E_Sign.xcdatamodeld */ = {
			isa = XCVersionGroup;
			children = (
				8468F21D20D8C665003DBD88 /* E_Sign.xcdatamodel */,
			);
			currentVersion = 8468F21D20D8C665003DBD88 /* E_Sign.xcdatamodel */;
			path = E_Sign.xcdatamodeld;
			sourceTree = "<group>";
			versionGroupType = wrapper.xcdatamodel;
		};
/* End XCVersionGroup section */
	};
	rootObject = 8468F20A20D8C665003DBD88 /* Project object */;
}
